
Microsoft Visual Studio Solution File, Format Version 12.00
# Visual Studio 15
VisualStudioVersion = 15.0.28307.329
MinimumVisualStudioVersion = 10.0.40219.1
Project("{FAE04EC0-301F-11D3-BF4B-00C04F79EFBC}") = "Task4", "Task4\Task4.csproj", "{CB1A59F1-61EE-4E06-90DC-1F1EBE764F35}"
EndProject
Global
	GlobalSection(SolutionConfigurationPlatforms) = preSolution
		Debug|Any CPU = Debug|Any CPU
		Release|Any CPU = Release|Any CPU
	EndGlobalSection
	GlobalSection(ProjectConfigurationPlatforms) = postSolution
		{CB1A59F1-61EE-4E06-90DC-1F1EBE764F35}.Debug|Any CPU.ActiveCfg = Debug|Any CPU
		{CB1A59F1-61EE-4E06-90DC-1F1EBE764F35}.Debug|Any CPU.Build.0 = Debug|Any CPU
		{CB1A59F1-61EE-4E06-90DC-1F1EBE764F35}.Release|Any CPU.ActiveCfg = Release|Any CPU
		{CB1A59F1-61EE-4E06-90DC-1F1EBE764F35}.Release|Any CPU.Build.0 = Release|Any CPU
	EndGlobalSection
	GlobalSection(SolutionProperties) = preSolution
		HideSolutionNode = FALSE
	EndGlobalSection
	GlobalSection(ExtensibilityGlobals) = postSolution
		SolutionGuid = {B3E20F5D-14B1-465C-A5C6-1860DFA8402C}
	EndGlobalSection
EndGlobal
