
Microsoft Visual Studio Solution File, Format Version 12.00
# Visual Studio 15
VisualStudioVersion = 15.0.28307.329
MinimumVisualStudioVersion = 10.0.40219.1
Project("{FAE04EC0-301F-11D3-BF4B-00C04F79EFBC}") = "Task4", "Task4\Task4.csproj", "{B1DA8DE2-652E-4408-9154-7A5F83814628}"
EndProject
Global
	GlobalSection(SolutionConfigurationPlatforms) = preSolution
		Debug|Any CPU = Debug|Any CPU
		Release|Any CPU = Release|Any CPU
	EndGlobalSection
	GlobalSection(ProjectConfigurationPlatforms) = postSolution
		{B1DA8DE2-652E-4408-9154-7A5F83814628}.Debug|Any CPU.ActiveCfg = Debug|Any CPU
		{B1DA8DE2-652E-4408-9154-7A5F83814628}.Debug|Any CPU.Build.0 = Debug|Any CPU
		{B1DA8DE2-652E-4408-9154-7A5F83814628}.Release|Any CPU.ActiveCfg = Release|Any CPU
		{B1DA8DE2-652E-4408-9154-7A5F83814628}.Release|Any CPU.Build.0 = Release|Any CPU
	EndGlobalSection
	GlobalSection(SolutionProperties) = preSolution
		HideSolutionNode = FALSE
	EndGlobalSection
	GlobalSection(ExtensibilityGlobals) = postSolution
		SolutionGuid = {0BB1B356-E5CF-4BD1-B101-D9C918D833BA}
	EndGlobalSection
EndGlobal
